// !$*UTF8*$!
{
	archiveVersion = 1;
	classes = {
	};
	objectVersion = 46;
	objects = {

/* Begin PBXBuildFile section */
		56754889D4C5CC4B5A6385BA /* Pods_PasswordManagerTests.framework in Frameworks */ = {isa = PBXBuildFile; fileRef = A47692CE9C14AB740614A45A /* Pods_PasswordManagerTests.framework */; };
		6A15D4401E389004007E9B97 /* ColorsTableViewController.swift in Sources */ = {isa = PBXBuildFile; fileRef = 6A15D43F1E389004007E9B97 /* ColorsTableViewController.swift */; };
		6A15D4441E3894DF007E9B97 /* SQLiteDB.swift in Sources */ = {isa = PBXBuildFile; fileRef = 6A15D4411E3894DF007E9B97 /* SQLiteDB.swift */; };
		6A15D4451E3894DF007E9B97 /* SQLTable.swift in Sources */ = {isa = PBXBuildFile; fileRef = 6A15D4421E3894DF007E9B97 /* SQLTable.swift */; };
		6A15D4461E3894DF007E9B97 /* String-Extras.swift in Sources */ = {isa = PBXBuildFile; fileRef = 6A15D4431E3894DF007E9B97 /* String-Extras.swift */; };
		6A15D44C1E3895B7007E9B97 /* libsqlite3.tbd in Frameworks */ = {isa = PBXBuildFile; fileRef = 6A15D44B1E3895B7007E9B97 /* libsqlite3.tbd */; };
		6A46104F1E38BC9200AE7CA6 /* password.db in Resources */ = {isa = PBXBuildFile; fileRef = 6A46104E1E38BC9200AE7CA6 /* password.db */; };
		6A4610511E38CD7800AE7CA6 /* TouchLoginViewController.swift in Sources */ = {isa = PBXBuildFile; fileRef = 6A4610501E38CD7800AE7CA6 /* TouchLoginViewController.swift */; };
		6A4610531E38D30100AE7CA6 /* LaunchScreen.storyboard in Resources */ = {isa = PBXBuildFile; fileRef = 6A4610521E38D30100AE7CA6 /* LaunchScreen.storyboard */; };
		6A4F436F1B78A6DA00DDD034 /* AccountsViewController.swift in Sources */ = {isa = PBXBuildFile; fileRef = 6A4F436E1B78A6DA00DDD034 /* AccountsViewController.swift */; };
		6A4F43711B78A6E900DDD034 /* AddAccountViewController.swift in Sources */ = {isa = PBXBuildFile; fileRef = 6A4F43701B78A6E900DDD034 /* AddAccountViewController.swift */; };
		6A4F43731B78A70600DDD034 /* AccountTableViewCell.swift in Sources */ = {isa = PBXBuildFile; fileRef = 6A4F43721B78A70600DDD034 /* AccountTableViewCell.swift */; };
		6A4F43751B78A83300DDD034 /* Account.swift in Sources */ = {isa = PBXBuildFile; fileRef = 6A4F43741B78A83300DDD034 /* Account.swift */; };
		6ABD3D4A1B76112E00F6E42E /* AppDelegate.swift in Sources */ = {isa = PBXBuildFile; fileRef = 6ABD3D491B76112E00F6E42E /* AppDelegate.swift */; };
		6ABD3D4C1B76112E00F6E42E /* LoginViewController.swift in Sources */ = {isa = PBXBuildFile; fileRef = 6ABD3D4B1B76112E00F6E42E /* LoginViewController.swift */; };
		6ABD3D4F1B76112E00F6E42E /* Main.storyboard in Resources */ = {isa = PBXBuildFile; fileRef = 6ABD3D4D1B76112E00F6E42E /* Main.storyboard */; };
		6ABD3D511B76112E00F6E42E /* Images.xcassets in Resources */ = {isa = PBXBuildFile; fileRef = 6ABD3D501B76112E00F6E42E /* Images.xcassets */; };
		6ABD3D601B76112F00F6E42E /* PasswordManagerTests.swift in Sources */ = {isa = PBXBuildFile; fileRef = 6ABD3D5F1B76112F00F6E42E /* PasswordManagerTests.swift */; };
		6ABD3D6B1B76169000F6E42E /* AppContants.swift in Sources */ = {isa = PBXBuildFile; fileRef = 6ABD3D6A1B76169000F6E42E /* AppContants.swift */; };
		6ABD3D6D1B7616D500F6E42E /* UIColorExtension.swift in Sources */ = {isa = PBXBuildFile; fileRef = 6ABD3D6C1B7616D500F6E42E /* UIColorExtension.swift */; };
		6ABD3D6F1B761D4C00F6E42E /* AppExtensions.swift in Sources */ = {isa = PBXBuildFile; fileRef = 6ABD3D6E1B761D4C00F6E42E /* AppExtensions.swift */; };
		6ABD3D711B761E0100F6E42E /* RegisterViewController.swift in Sources */ = {isa = PBXBuildFile; fileRef = 6ABD3D701B761E0100F6E42E /* RegisterViewController.swift */; };
		6ABD3D771B762FB700F6E42E /* SwiftNotice.swift in Sources */ = {isa = PBXBuildFile; fileRef = 6ABD3D761B762FB700F6E42E /* SwiftNotice.swift */; };
		B5135C87DC0F935727E1BAED /* Pods_PasswordManager.framework in Frameworks */ = {isa = PBXBuildFile; fileRef = 142B39358AFD28D404240DE3 /* Pods_PasswordManager.framework */; };
/* End PBXBuildFile section */

/* Begin PBXContainerItemProxy section */
		6ABD3D5A1B76112F00F6E42E /* PBXContainerItemProxy */ = {
			isa = PBXContainerItemProxy;
			containerPortal = 6ABD3D3C1B76112E00F6E42E /* Project object */;
			proxyType = 1;
			remoteGlobalIDString = 6ABD3D431B76112E00F6E42E;
			remoteInfo = PasswordManager;
		};
/* End PBXContainerItemProxy section */

/* Begin PBXFileReference section */
		142B39358AFD28D404240DE3 /* Pods_PasswordManager.framework */ = {isa = PBXFileReference; explicitFileType = wrapper.framework; includeInIndex = 0; path = Pods_PasswordManager.framework; sourceTree = BUILT_PRODUCTS_DIR; };
		45E3085EF88101C91FB0DF97 /* Pods-PasswordManagerTests.release.xcconfig */ = {isa = PBXFileReference; includeInIndex = 1; lastKnownFileType = text.xcconfig; name = "Pods-PasswordManagerTests.release.xcconfig"; path = "Pods/Target Support Files/Pods-PasswordManagerTests/Pods-PasswordManagerTests.release.xcconfig"; sourceTree = "<group>"; };
		6A15D43F1E389004007E9B97 /* ColorsTableViewController.swift */ = {isa = PBXFileReference; fileEncoding = 4; lastKnownFileType = sourcecode.swift; path = ColorsTableViewController.swift; sourceTree = "<group>"; };
		6A15D4411E3894DF007E9B97 /* SQLiteDB.swift */ = {isa = PBXFileReference; fileEncoding = 4; lastKnownFileType = sourcecode.swift; path = SQLiteDB.swift; sourceTree = "<group>"; };
		6A15D4421E3894DF007E9B97 /* SQLTable.swift */ = {isa = PBXFileReference; fileEncoding = 4; lastKnownFileType = sourcecode.swift; path = SQLTable.swift; sourceTree = "<group>"; };
		6A15D4431E3894DF007E9B97 /* String-Extras.swift */ = {isa = PBXFileReference; fileEncoding = 4; lastKnownFileType = sourcecode.swift; path = "String-Extras.swift"; sourceTree = "<group>"; };
		6A15D44A1E389584007E9B97 /* Password-Bridging-Header.h */ = {isa = PBXFileReference; fileEncoding = 4; lastKnownFileType = sourcecode.c.h; path = "Password-Bridging-Header.h"; sourceTree = "<group>"; };
		6A15D44B1E3895B7007E9B97 /* libsqlite3.tbd */ = {isa = PBXFileReference; lastKnownFileType = "sourcecode.text-based-dylib-definition"; name = libsqlite3.tbd; path = usr/lib/libsqlite3.tbd; sourceTree = SDKROOT; };
		6A46104E1E38BC9200AE7CA6 /* password.db */ = {isa = PBXFileReference; lastKnownFileType = file; path = password.db; sourceTree = "<group>"; };
		6A4610501E38CD7800AE7CA6 /* TouchLoginViewController.swift */ = {isa = PBXFileReference; fileEncoding = 4; lastKnownFileType = sourcecode.swift; path = TouchLoginViewController.swift; sourceTree = "<group>"; };
		6A4610521E38D30100AE7CA6 /* LaunchScreen.storyboard */ = {isa = PBXFileReference; fileEncoding = 4; lastKnownFileType = file.storyboard; path = LaunchScreen.storyboard; sourceTree = "<group>"; };
		6A4F436E1B78A6DA00DDD034 /* AccountsViewController.swift */ = {isa = PBXFileReference; fileEncoding = 4; lastKnownFileType = sourcecode.swift; name = AccountsViewController.swift; path = ViewControllers/AccountsViewController.swift; sourceTree = "<group>"; };
		6A4F43701B78A6E900DDD034 /* AddAccountViewController.swift */ = {isa = PBXFileReference; fileEncoding = 4; lastKnownFileType = sourcecode.swift; name = AddAccountViewController.swift; path = ViewControllers/AddAccountViewController.swift; sourceTree = "<group>"; };
		6A4F43721B78A70600DDD034 /* AccountTableViewCell.swift */ = {isa = PBXFileReference; fileEncoding = 4; lastKnownFileType = sourcecode.swift; name = AccountTableViewCell.swift; path = Views/AccountTableViewCell.swift; sourceTree = "<group>"; };
		6A4F43741B78A83300DDD034 /* Account.swift */ = {isa = PBXFileReference; fileEncoding = 4; lastKnownFileType = sourcecode.swift; path = Account.swift; sourceTree = "<group>"; };
		6ABD3D441B76112E00F6E42E /* PasswordManager.app */ = {isa = PBXFileReference; explicitFileType = wrapper.application; includeInIndex = 0; path = PasswordManager.app; sourceTree = BUILT_PRODUCTS_DIR; };
		6ABD3D481B76112E00F6E42E /* Info.plist */ = {isa = PBXFileReference; lastKnownFileType = text.plist.xml; path = Info.plist; sourceTree = "<group>"; };
		6ABD3D491B76112E00F6E42E /* AppDelegate.swift */ = {isa = PBXFileReference; lastKnownFileType = sourcecode.swift; path = AppDelegate.swift; sourceTree = "<group>"; };
		6ABD3D4B1B76112E00F6E42E /* LoginViewController.swift */ = {isa = PBXFileReference; lastKnownFileType = sourcecode.swift; path = LoginViewController.swift; sourceTree = "<group>"; };
		6ABD3D4E1B76112E00F6E42E /* Base */ = {isa = PBXFileReference; lastKnownFileType = file.storyboard; name = Base; path = Base.lproj/Main.storyboard; sourceTree = "<group>"; };
		6ABD3D501B76112E00F6E42E /* Images.xcassets */ = {isa = PBXFileReference; lastKnownFileType = folder.assetcatalog; path = Images.xcassets; sourceTree = "<group>"; };
		6ABD3D591B76112F00F6E42E /* PasswordManagerTests.xctest */ = {isa = PBXFileReference; explicitFileType = wrapper.cfbundle; includeInIndex = 0; path = PasswordManagerTests.xctest; sourceTree = BUILT_PRODUCTS_DIR; };
		6ABD3D5E1B76112F00F6E42E /* Info.plist */ = {isa = PBXFileReference; lastKnownFileType = text.plist.xml; path = Info.plist; sourceTree = "<group>"; };
		6ABD3D5F1B76112F00F6E42E /* PasswordManagerTests.swift */ = {isa = PBXFileReference; lastKnownFileType = sourcecode.swift; path = PasswordManagerTests.swift; sourceTree = "<group>"; };
		6ABD3D6A1B76169000F6E42E /* AppContants.swift */ = {isa = PBXFileReference; fileEncoding = 4; lastKnownFileType = sourcecode.swift; path = AppContants.swift; sourceTree = "<group>"; };
		6ABD3D6C1B7616D500F6E42E /* UIColorExtension.swift */ = {isa = PBXFileReference; fileEncoding = 4; lastKnownFileType = sourcecode.swift; path = UIColorExtension.swift; sourceTree = "<group>"; };
		6ABD3D6E1B761D4C00F6E42E /* AppExtensions.swift */ = {isa = PBXFileReference; fileEncoding = 4; lastKnownFileType = sourcecode.swift; path = AppExtensions.swift; sourceTree = "<group>"; };
		6ABD3D701B761E0100F6E42E /* RegisterViewController.swift */ = {isa = PBXFileReference; fileEncoding = 4; lastKnownFileType = sourcecode.swift; name = RegisterViewController.swift; path = ViewControllers/RegisterViewController.swift; sourceTree = "<group>"; };
		6ABD3D761B762FB700F6E42E /* SwiftNotice.swift */ = {isa = PBXFileReference; fileEncoding = 4; lastKnownFileType = sourcecode.swift; path = SwiftNotice.swift; sourceTree = "<group>"; };
		6B980EE23128C73B04A4C5F7 /* Pods-PasswordManager.release.xcconfig */ = {isa = PBXFileReference; includeInIndex = 1; lastKnownFileType = text.xcconfig; name = "Pods-PasswordManager.release.xcconfig"; path = "Pods/Target Support Files/Pods-PasswordManager/Pods-PasswordManager.release.xcconfig"; sourceTree = "<group>"; };
		A47692CE9C14AB740614A45A /* Pods_PasswordManagerTests.framework */ = {isa = PBXFileReference; explicitFileType = wrapper.framework; includeInIndex = 0; path = Pods_PasswordManagerTests.framework; sourceTree = BUILT_PRODUCTS_DIR; };
		BBA84455ACB2B480F4BCCADB /* Pods-PasswordManager.debug.xcconfig */ = {isa = PBXFileReference; includeInIndex = 1; lastKnownFileType = text.xcconfig; name = "Pods-PasswordManager.debug.xcconfig"; path = "Pods/Target Support Files/Pods-PasswordManager/Pods-PasswordManager.debug.xcconfig"; sourceTree = "<group>"; };
		E5FFC62E83E497CDA6682647 /* Pods-PasswordManagerTests.debug.xcconfig */ = {isa = PBXFileReference; includeInIndex = 1; lastKnownFileType = text.xcconfig; name = "Pods-PasswordManagerTests.debug.xcconfig"; path = "Pods/Target Support Files/Pods-PasswordManagerTests/Pods-PasswordManagerTests.debug.xcconfig"; sourceTree = "<group>"; };
/* End PBXFileReference section */

/* Begin PBXFrameworksBuildPhase section */
		6ABD3D411B76112E00F6E42E /* Frameworks */ = {
			isa = PBXFrameworksBuildPhase;
			buildActionMask = 2147483647;
			files = (
				6A15D44C1E3895B7007E9B97 /* libsqlite3.tbd in Frameworks */,
				B5135C87DC0F935727E1BAED /* Pods_PasswordManager.framework in Frameworks */,
			);
			runOnlyForDeploymentPostprocessing = 0;
		};
		6ABD3D561B76112F00F6E42E /* Frameworks */ = {
			isa = PBXFrameworksBuildPhase;
			buildActionMask = 2147483647;
			files = (
				56754889D4C5CC4B5A6385BA /* Pods_PasswordManagerTests.framework in Frameworks */,
			);
			runOnlyForDeploymentPostprocessing = 0;
		};
/* End PBXFrameworksBuildPhase section */

/* Begin PBXGroup section */
		170A54AB9CE197DFC020C48D /* Frameworks */ = {
			isa = PBXGroup;
			children = (
				6A15D44B1E3895B7007E9B97 /* libsqlite3.tbd */,
				142B39358AFD28D404240DE3 /* Pods_PasswordManager.framework */,
				A47692CE9C14AB740614A45A /* Pods_PasswordManagerTests.framework */,
			);
			name = Frameworks;
			sourceTree = "<group>";
		};
		2DC8B612502EE2511DEC66C6 /* Pods */ = {
			isa = PBXGroup;
			children = (
				BBA84455ACB2B480F4BCCADB /* Pods-PasswordManager.debug.xcconfig */,
				6B980EE23128C73B04A4C5F7 /* Pods-PasswordManager.release.xcconfig */,
				E5FFC62E83E497CDA6682647 /* Pods-PasswordManagerTests.debug.xcconfig */,
				45E3085EF88101C91FB0DF97 /* Pods-PasswordManagerTests.release.xcconfig */,
			);
			name = Pods;
			sourceTree = "<group>";
		};
		6A15D4471E3894E9007E9B97 /* Kits */ = {
			isa = PBXGroup;
			children = (
				6A46104E1E38BC9200AE7CA6 /* password.db */,
				6A15D4411E3894DF007E9B97 /* SQLiteDB.swift */,
				6A15D4421E3894DF007E9B97 /* SQLTable.swift */,
				6A15D4431E3894DF007E9B97 /* String-Extras.swift */,
			);
			name = Kits;
			sourceTree = "<group>";
		};
		6A15D4481E3894F4007E9B97 /* Models */ = {
			isa = PBXGroup;
			children = (
				6A4F43741B78A83300DDD034 /* Account.swift */,
			);
			name = Models;
			sourceTree = "<group>";
		};
		6A4610541E38D8BB00AE7CA6 /* Controllers */ = {
			isa = PBXGroup;
			children = (
				6ABD3D701B761E0100F6E42E /* RegisterViewController.swift */,
				6ABD3D4B1B76112E00F6E42E /* LoginViewController.swift */,
				6A4610501E38CD7800AE7CA6 /* TouchLoginViewController.swift */,
				6A4F436E1B78A6DA00DDD034 /* AccountsViewController.swift */,
				6A4F43701B78A6E900DDD034 /* AddAccountViewController.swift */,
				6A15D43F1E389004007E9B97 /* ColorsTableViewController.swift */,
			);
			name = Controllers;
			sourceTree = "<group>";
		};
		6ABD3D3B1B76112E00F6E42E = {
			isa = PBXGroup;
			children = (
				6ABD3D461B76112E00F6E42E /* PasswordManager */,
				6ABD3D5C1B76112F00F6E42E /* PasswordManagerTests */,
				6ABD3D451B76112E00F6E42E /* Products */,
				2DC8B612502EE2511DEC66C6 /* Pods */,
				170A54AB9CE197DFC020C48D /* Frameworks */,
			);
			sourceTree = "<group>";
		};
		6ABD3D451B76112E00F6E42E /* Products */ = {
			isa = PBXGroup;
			children = (
				6ABD3D441B76112E00F6E42E /* PasswordManager.app */,
				6ABD3D591B76112F00F6E42E /* PasswordManagerTests.xctest */,
			);
			name = Products;
			sourceTree = "<group>";
		};
		6ABD3D461B76112E00F6E42E /* PasswordManager */ = {
			isa = PBXGroup;
			children = (
				6ABD3D491B76112E00F6E42E /* AppDelegate.swift */,
				6A4F43721B78A70600DDD034 /* AccountTableViewCell.swift */,
				6ABD3D4D1B76112E00F6E42E /* Main.storyboard */,
				6ABD3D501B76112E00F6E42E /* Images.xcassets */,
				6A4610541E38D8BB00AE7CA6 /* Controllers */,
				6A15D4481E3894F4007E9B97 /* Models */,
				6A15D4471E3894E9007E9B97 /* Kits */,
				6ABD3D691B76167700F6E42E /* Utils */,
				6ABD3D471B76112E00F6E42E /* Supporting Files */,
			);
			path = PasswordManager;
			sourceTree = "<group>";
		};
		6ABD3D471B76112E00F6E42E /* Supporting Files */ = {
			isa = PBXGroup;
			children = (
				6ABD3D481B76112E00F6E42E /* Info.plist */,
				6A15D44A1E389584007E9B97 /* Password-Bridging-Header.h */,
				6A4610521E38D30100AE7CA6 /* LaunchScreen.storyboard */,
			);
			name = "Supporting Files";
			sourceTree = "<group>";
		};
		6ABD3D5C1B76112F00F6E42E /* PasswordManagerTests */ = {
			isa = PBXGroup;
			children = (
				6ABD3D5F1B76112F00F6E42E /* PasswordManagerTests.swift */,
				6ABD3D5D1B76112F00F6E42E /* Supporting Files */,
			);
			path = PasswordManagerTests;
			sourceTree = "<group>";
		};
		6ABD3D5D1B76112F00F6E42E /* Supporting Files */ = {
			isa = PBXGroup;
			children = (
				6ABD3D5E1B76112F00F6E42E /* Info.plist */,
			);
			name = "Supporting Files";
			sourceTree = "<group>";
		};
		6ABD3D691B76167700F6E42E /* Utils */ = {
			isa = PBXGroup;
			children = (
				6ABD3D761B762FB700F6E42E /* SwiftNotice.swift */,
				6ABD3D6A1B76169000F6E42E /* AppContants.swift */,
				6ABD3D6C1B7616D500F6E42E /* UIColorExtension.swift */,
				6ABD3D6E1B761D4C00F6E42E /* AppExtensions.swift */,
			);
			name = Utils;
			sourceTree = "<group>";
		};
/* End PBXGroup section */

/* Begin PBXNativeTarget section */
		6ABD3D431B76112E00F6E42E /* PasswordManager */ = {
			isa = PBXNativeTarget;
			buildConfigurationList = 6ABD3D631B76112F00F6E42E /* Build configuration list for PBXNativeTarget "PasswordManager" */;
			buildPhases = (
				C6A5C48B065D31D1D4B44582 /* [CP] Check Pods Manifest.lock */,
				6ABD3D401B76112E00F6E42E /* Sources */,
				6ABD3D411B76112E00F6E42E /* Frameworks */,
				6ABD3D421B76112E00F6E42E /* Resources */,
				92E3E3011D26C61D8A58C53C /* [CP] Copy Pods Resources */,
				4C4911FFE5303AE67157D73E /* [CP] Embed Pods Frameworks */,
			);
			buildRules = (
			);
			dependencies = (
			);
			name = PasswordManager;
			productName = PasswordManager;
			productReference = 6ABD3D441B76112E00F6E42E /* PasswordManager.app */;
			productType = "com.apple.product-type.application";
		};
		6ABD3D581B76112F00F6E42E /* PasswordManagerTests */ = {
			isa = PBXNativeTarget;
			buildConfigurationList = 6ABD3D661B76112F00F6E42E /* Build configuration list for PBXNativeTarget "PasswordManagerTests" */;
			buildPhases = (
				9BC5EE272C9E03815363E045 /* [CP] Check Pods Manifest.lock */,
				6ABD3D551B76112F00F6E42E /* Sources */,
				6ABD3D561B76112F00F6E42E /* Frameworks */,
				6ABD3D571B76112F00F6E42E /* Resources */,
				1F03B3ECE4EE5289C4B85FFC /* [CP] Embed Pods Frameworks */,
				092194AC1AD0766FBCD8C16A /* [CP] Copy Pods Resources */,
			);
			buildRules = (
			);
			dependencies = (
				6ABD3D5B1B76112F00F6E42E /* PBXTargetDependency */,
			);
			name = PasswordManagerTests;
			productName = PasswordManagerTests;
			productReference = 6ABD3D591B76112F00F6E42E /* PasswordManagerTests.xctest */;
			productType = "com.apple.product-type.bundle.unit-test";
		};
/* End PBXNativeTarget section */

/* Begin PBXProject section */
		6ABD3D3C1B76112E00F6E42E /* Project object */ = {
			isa = PBXProject;
			attributes = {
				LastSwiftMigration = 0700;
				LastSwiftUpdateCheck = 0700;
				LastUpgradeCheck = 0820;
				ORGANIZATIONNAME = HamzaAnsari;
				TargetAttributes = {
					6ABD3D431B76112E00F6E42E = {
						CreatedOnToolsVersion = 6.4;
						DevelopmentTeam = QFMJNHRX38;
						LastSwiftMigration = 0820;
					};
					6ABD3D581B76112F00F6E42E = {
						CreatedOnToolsVersion = 6.4;
						LastSwiftMigration = 0820;
						TestTargetID = 6ABD3D431B76112E00F6E42E;
					};
				};
			};
			buildConfigurationList = 6ABD3D3F1B76112E00F6E42E /* Build configuration list for PBXProject "PasswordManager" */;
			compatibilityVersion = "Xcode 3.2";
			developmentRegion = English;
			hasScannedForEncodings = 0;
			knownRegions = (
				en,
				Base,
			);
			mainGroup = 6ABD3D3B1B76112E00F6E42E;
			productRefGroup = 6ABD3D451B76112E00F6E42E /* Products */;
			projectDirPath = "";
			projectRoot = "";
			targets = (
				6ABD3D431B76112E00F6E42E /* PasswordManager */,
				6ABD3D581B76112F00F6E42E /* PasswordManagerTests */,
			);
		};
/* End PBXProject section */

/* Begin PBXResourcesBuildPhase section */
		6ABD3D421B76112E00F6E42E /* Resources */ = {
			isa = PBXResourcesBuildPhase;
			buildActionMask = 2147483647;
			files = (
				6ABD3D4F1B76112E00F6E42E /* Main.storyboard in Resources */,
				6A4610531E38D30100AE7CA6 /* LaunchScreen.storyboard in Resources */,
				6A46104F1E38BC9200AE7CA6 /* password.db in Resources */,
				6ABD3D511B76112E00F6E42E /* Images.xcassets in Resources */,
			);
			runOnlyForDeploymentPostprocessing = 0;
		};
		6ABD3D571B76112F00F6E42E /* Resources */ = {
			isa = PBXResourcesBuildPhase;
			buildActionMask = 2147483647;
			files = (
			);
			runOnlyForDeploymentPostprocessing = 0;
		};
/* End PBXResourcesBuildPhase section */

/* Begin PBXShellScriptBuildPhase section */
		092194AC1AD0766FBCD8C16A /* [CP] Copy Pods Resources */ = {
			isa = PBXShellScriptBuildPhase;
			buildActionMask = 2147483647;
			files = (
			);
			inputPaths = (
			);
			name = "[CP] Copy Pods Resources";
			outputPaths = (
			);
			runOnlyForDeploymentPostprocessing = 0;
			shellPath = /bin/sh;
			shellScript = "\"${SRCROOT}/Pods/Target Support Files/Pods-PasswordManagerTests/Pods-PasswordManagerTests-resources.sh\"\n";
			showEnvVarsInLog = 0;
		};
		1F03B3ECE4EE5289C4B85FFC /* [CP] Embed Pods Frameworks */ = {
			isa = PBXShellScriptBuildPhase;
			buildActionMask = 2147483647;
			files = (
			);
			inputPaths = (
			);
			name = "[CP] Embed Pods Frameworks";
			outputPaths = (
			);
			runOnlyForDeploymentPostprocessing = 0;
			shellPath = /bin/sh;
			shellScript = "\"${SRCROOT}/Pods/Target Support Files/Pods-PasswordManagerTests/Pods-PasswordManagerTests-frameworks.sh\"\n";
			showEnvVarsInLog = 0;
		};
		4C4911FFE5303AE67157D73E /* [CP] Embed Pods Frameworks */ = {
			isa = PBXShellScriptBuildPhase;
			buildActionMask = 2147483647;
			files = (
			);
			inputPaths = (
			);
			name = "[CP] Embed Pods Frameworks";
			outputPaths = (
			);
			runOnlyForDeploymentPostprocessing = 0;
			shellPath = /bin/sh;
			shellScript = "\"${SRCROOT}/Pods/Target Support Files/Pods-PasswordManager/Pods-PasswordManager-frameworks.sh\"\n";
			showEnvVarsInLog = 0;
		};
		92E3E3011D26C61D8A58C53C /* [CP] Copy Pods Resources */ = {
			isa = PBXShellScriptBuildPhase;
			buildActionMask = 2147483647;
			files = (
			);
			inputPaths = (
			);
			name = "[CP] Copy Pods Resources";
			outputPaths = (
			);
			runOnlyForDeploymentPostprocessing = 0;
			shellPath = /bin/sh;
			shellScript = "\"${SRCROOT}/Pods/Target Support Files/Pods-PasswordManager/Pods-PasswordManager-resources.sh\"\n";
			showEnvVarsInLog = 0;
		};
		9BC5EE272C9E03815363E045 /* [CP] Check Pods Manifest.lock */ = {
			isa = PBXShellScriptBuildPhase;
			buildActionMask = 2147483647;
			files = (
			);
			inputPaths = (
			);
			name = "[CP] Check Pods Manifest.lock";
			outputPaths = (
			);
			runOnlyForDeploymentPostprocessing = 0;
			shellPath = /bin/sh;
			shellScript = "diff \"${PODS_ROOT}/../Podfile.lock\" \"${PODS_ROOT}/Manifest.lock\" > /dev/null\nif [ $? != 0 ] ; then\n    # print error to STDERR\n    echo \"error: The sandbox is not in sync with the Podfile.lock. Run 'pod install' or update your CocoaPods installation.\" >&2\n    exit 1\nfi\n";
			showEnvVarsInLog = 0;
		};
		C6A5C48B065D31D1D4B44582 /* [CP] Check Pods Manifest.lock */ = {
			isa = PBXShellScriptBuildPhase;
			buildActionMask = 2147483647;
			files = (
			);
			inputPaths = (
			);
			name = "[CP] Check Pods Manifest.lock";
			outputPaths = (
			);
			runOnlyForDeploymentPostprocessing = 0;
			shellPath = /bin/sh;
			shellScript = "diff \"${PODS_ROOT}/../Podfile.lock\" \"${PODS_ROOT}/Manifest.lock\" > /dev/null\nif [ $? != 0 ] ; then\n    # print error to STDERR\n    echo \"error: The sandbox is not in sync with the Podfile.lock. Run 'pod install' or update your CocoaPods installation.\" >&2\n    exit 1\nfi\n";
			showEnvVarsInLog = 0;
		};
/* End PBXShellScriptBuildPhase section */

/* Begin PBXSourcesBuildPhase section */
		6ABD3D401B76112E00F6E42E /* Sources */ = {
			isa = PBXSourcesBuildPhase;
			buildActionMask = 2147483647;
			files = (
				6ABD3D6F1B761D4C00F6E42E /* AppExtensions.swift in Sources */,
				6A15D4451E3894DF007E9B97 /* SQLTable.swift in Sources */,
				6A4F43751B78A83300DDD034 /* Account.swift in Sources */,
				6A15D4441E3894DF007E9B97 /* SQLiteDB.swift in Sources */,
				6A4610511E38CD7800AE7CA6 /* TouchLoginViewController.swift in Sources */,
				6A4F43711B78A6E900DDD034 /* AddAccountViewController.swift in Sources */,
				6ABD3D6B1B76169000F6E42E /* AppContants.swift in Sources */,
				6A4F43731B78A70600DDD034 /* AccountTableViewCell.swift in Sources */,
				6ABD3D4C1B76112E00F6E42E /* LoginViewController.swift in Sources */,
				6ABD3D711B761E0100F6E42E /* RegisterViewController.swift in Sources */,
				6ABD3D4A1B76112E00F6E42E /* AppDelegate.swift in Sources */,
				6A15D4461E3894DF007E9B97 /* String-Extras.swift in Sources */,
				6ABD3D771B762FB700F6E42E /* SwiftNotice.swift in Sources */,
				6A4F436F1B78A6DA00DDD034 /* AccountsViewController.swift in Sources */,
				6ABD3D6D1B7616D500F6E42E /* UIColorExtension.swift in Sources */,
				6A15D4401E389004007E9B97 /* ColorsTableViewController.swift in Sources */,
			);
			runOnlyForDeploymentPostprocessing = 0;
		};
		6ABD3D551B76112F00F6E42E /* Sources */ = {
			isa = PBXSourcesBuildPhase;
			buildActionMask = 2147483647;
			files = (
				6ABD3D601B76112F00F6E42E /* PasswordManagerTests.swift in Sources */,
			);
			runOnlyForDeploymentPostprocessing = 0;
		};
/* End PBXSourcesBuildPhase section */

/* Begin PBXTargetDependency section */
		6ABD3D5B1B76112F00F6E42E /* PBXTargetDependency */ = {
			isa = PBXTargetDependency;
			target = 6ABD3D431B76112E00F6E42E /* PasswordManager */;
			targetProxy = 6ABD3D5A1B76112F00F6E42E /* PBXContainerItemProxy */;
		};
/* End PBXTargetDependency section */

/* Begin PBXVariantGroup section */
		6ABD3D4D1B76112E00F6E42E /* Main.storyboard */ = {
			isa = PBXVariantGroup;
			children = (
				6ABD3D4E1B76112E00F6E42E /* Base */,
			);
			name = Main.storyboard;
			sourceTree = "<group>";
		};
/* End PBXVariantGroup section */

/* Begin XCBuildConfiguration section */
		6ABD3D611B76112F00F6E42E /* Debug */ = {
			isa = XCBuildConfiguration;
			buildSettings = {
				ALWAYS_SEARCH_USER_PATHS = NO;
				CLANG_CXX_LANGUAGE_STANDARD = "gnu++0x";
				CLANG_CXX_LIBRARY = "libc++";
				CLANG_ENABLE_MODULES = YES;
				CLANG_ENABLE_OBJC_ARC = YES;
				CLANG_WARN_BOOL_CONVERSION = YES;
				CLANG_WARN_CONSTANT_CONVERSION = YES;
				CLANG_WARN_DIRECT_OBJC_ISA_USAGE = YES_ERROR;
				CLANG_WARN_EMPTY_BODY = YES;
				CLANG_WARN_ENUM_CONVERSION = YES;
				CLANG_WARN_INFINITE_RECURSION = YES;
				CLANG_WARN_INT_CONVERSION = YES;
				CLANG_WARN_OBJC_ROOT_CLASS = YES_ERROR;
				CLANG_WARN_SUSPICIOUS_MOVE = YES;
				CLANG_WARN_UNREACHABLE_CODE = YES;
				CLANG_WARN__DUPLICATE_METHOD_MATCH = YES;
				"CODE_SIGN_IDENTITY[sdk=iphoneos*]" = "iPhone Developer";
				COPY_PHASE_STRIP = NO;
				DEBUG_INFORMATION_FORMAT = "dwarf-with-dsym";
				ENABLE_STRICT_OBJC_MSGSEND = YES;
				ENABLE_TESTABILITY = YES;
				GCC_C_LANGUAGE_STANDARD = gnu99;
				GCC_DYNAMIC_NO_PIC = NO;
				GCC_NO_COMMON_BLOCKS = YES;
				GCC_OPTIMIZATION_LEVEL = 0;
				GCC_PREPROCESSOR_DEFINITIONS = (
					"DEBUG=1",
					"$(inherited)",
				);
				GCC_SYMBOLS_PRIVATE_EXTERN = NO;
				GCC_WARN_64_TO_32_BIT_CONVERSION = YES;
				GCC_WARN_ABOUT_RETURN_TYPE = YES_ERROR;
				GCC_WARN_UNDECLARED_SELECTOR = YES;
				GCC_WARN_UNINITIALIZED_AUTOS = YES_AGGRESSIVE;
				GCC_WARN_UNUSED_FUNCTION = YES;
				GCC_WARN_UNUSED_VARIABLE = YES;
				IPHONEOS_DEPLOYMENT_TARGET = 8.4;
				MTL_ENABLE_DEBUG_INFO = YES;
				ONLY_ACTIVE_ARCH = YES;
				SDKROOT = iphoneos;
				SWIFT_OPTIMIZATION_LEVEL = "-Onone";
			};
			name = Debug;
		};
		6ABD3D621B76112F00F6E42E /* Release */ = {
			isa = XCBuildConfiguration;
			buildSettings = {
				ALWAYS_SEARCH_USER_PATHS = NO;
				CLANG_CXX_LANGUAGE_STANDARD = "gnu++0x";
				CLANG_CXX_LIBRARY = "libc++";
				CLANG_ENABLE_MODULES = YES;
				CLANG_ENABLE_OBJC_ARC = YES;
				CLANG_WARN_BOOL_CONVERSION = YES;
				CLANG_WARN_CONSTANT_CONVERSION = YES;
				CLANG_WARN_DIRECT_OBJC_ISA_USAGE = YES_ERROR;
				CLANG_WARN_EMPTY_BODY = YES;
				CLANG_WARN_ENUM_CONVERSION = YES;
				CLANG_WARN_INFINITE_RECURSION = YES;
				CLANG_WARN_INT_CONVERSION = YES;
				CLANG_WARN_OBJC_ROOT_CLASS = YES_ERROR;
				CLANG_WARN_SUSPICIOUS_MOVE = YES;
				CLANG_WARN_UNREACHABLE_CODE = YES;
				CLANG_WARN__DUPLICATE_METHOD_MATCH = YES;
				"CODE_SIGN_IDENTITY[sdk=iphoneos*]" = "iPhone Developer";
				COPY_PHASE_STRIP = NO;
				DEBUG_INFORMATION_FORMAT = "dwarf-with-dsym";
				ENABLE_NS_ASSERTIONS = NO;
				ENABLE_STRICT_OBJC_MSGSEND = YES;
				GCC_C_LANGUAGE_STANDARD = gnu99;
				GCC_NO_COMMON_BLOCKS = YES;
				GCC_WARN_64_TO_32_BIT_CONVERSION = YES;
				GCC_WARN_ABOUT_RETURN_TYPE = YES_ERROR;
				GCC_WARN_UNDECLARED_SELECTOR = YES;
				GCC_WARN_UNINITIALIZED_AUTOS = YES_AGGRESSIVE;
				GCC_WARN_UNUSED_FUNCTION = YES;
				GCC_WARN_UNUSED_VARIABLE = YES;
				IPHONEOS_DEPLOYMENT_TARGET = 8.4;
				MTL_ENABLE_DEBUG_INFO = NO;
				SDKROOT = iphoneos;
				SWIFT_OPTIMIZATION_LEVEL = "-Owholemodule";
				VALIDATE_PRODUCT = YES;
			};
			name = Release;
		};
		6ABD3D641B76112F00F6E42E /* Debug */ = {
			isa = XCBuildConfiguration;
			baseConfigurationReference = BBA84455ACB2B480F4BCCADB /* Pods-PasswordManager.debug.xcconfig */;
			buildSettings = {
				ASSETCATALOG_COMPILER_APPICON_NAME = AppIcon;
				CLANG_ENABLE_MODULES = YES;
				DEVELOPMENT_TEAM = QFMJNHRX38;
				INFOPLIST_FILE = PasswordManager/Info.plist;
				IPHONEOS_DEPLOYMENT_TARGET = 9.0;
				LD_RUNPATH_SEARCH_PATHS = "$(inherited) @executable_path/Frameworks";
				PRODUCT_BUNDLE_IDENTIFIER = "com.ansari.$(PRODUCT_NAME:rfc1034identifier)";
				PRODUCT_NAME = "$(TARGET_NAME)";
				SWIFT_OBJC_BRIDGING_HEADER = "Password-Bridging-Header.h";
				SWIFT_OPTIMIZATION_LEVEL = "-Onone";
				SWIFT_VERSION = 3.0;
			};
			name = Debug;
		};
		6ABD3D651B76112F00F6E42E /* Release */ = {
			isa = XCBuildConfiguration;
			baseConfigurationReference = 6B980EE23128C73B04A4C5F7 /* Pods-PasswordManager.release.xcconfig */;
			buildSettings = {
				ASSETCATALOG_COMPILER_APPICON_NAME = AppIcon;
				CLANG_ENABLE_MODULES = YES;
				DEVELOPMENT_TEAM = QFMJNHRX38;
				INFOPLIST_FILE = PasswordManager/Info.plist;
				IPHONEOS_DEPLOYMENT_TARGET = 9.0;
				LD_RUNPATH_SEARCH_PATHS = "$(inherited) @executable_path/Frameworks";
				PRODUCT_BUNDLE_IDENTIFIER = "com.ansari.$(PRODUCT_NAME:rfc1034identifier)";
				PRODUCT_NAME = "$(TARGET_NAME)";
				SWIFT_OBJC_BRIDGING_HEADER = "Password-Bridging-Header.h";
				SWIFT_VERSION = 3.0;
			};
			name = Release;
		};
		6ABD3D671B76112F00F6E42E /* Debug */ = {
			isa = XCBuildConfiguration;
			baseConfigurationReference = E5FFC62E83E497CDA6682647 /* Pods-PasswordManagerTests.debug.xcconfig */;
			buildSettings = {
				BUNDLE_LOADER = "$(TEST_HOST)";
				FRAMEWORK_SEARCH_PATHS = (
					"$(SDKROOT)/Developer/Library/Frameworks",
					"$(inherited)",
				);
				GCC_PREPROCESSOR_DEFINITIONS = (
					"DEBUG=1",
					"$(inherited)",
				);
				INFOPLIST_FILE = PasswordManagerTests/Info.plist;
				LD_RUNPATH_SEARCH_PATHS = "$(inherited) @executable_path/Frameworks @loader_path/Frameworks";
				PRODUCT_BUNDLE_IDENTIFIER = "com.ansari.$(PRODUCT_NAME:rfc1034identifier)";
				PRODUCT_NAME = "$(TARGET_NAME)";
				SWIFT_VERSION = 3.0;
				TEST_HOST = "$(BUILT_PRODUCTS_DIR)/PasswordManager.app/PasswordManager";
			};
			name = Debug;
		};
		6ABD3D681B76112F00F6E42E /* Release */ = {
			isa = XCBuildConfiguration;
			baseConfigurationReference = 45E3085EF88101C91FB0DF97 /* Pods-PasswordManagerTests.release.xcconfig */;
			buildSettings = {
				BUNDLE_LOADER = "$(TEST_HOST)";
				FRAMEWORK_SEARCH_PATHS = (
					"$(SDKROOT)/Developer/Library/Frameworks",
					"$(inherited)",
				);
				INFOPLIST_FILE = PasswordManagerTests/Info.plist;
				LD_RUNPATH_SEARCH_PATHS = "$(inherited) @executable_path/Frameworks @loader_path/Frameworks";
				PRODUCT_BUNDLE_IDENTIFIER = "com.ansari.$(PRODUCT_NAME:rfc1034identifier)";
				PRODUCT_NAME = "$(TARGET_NAME)";
				SWIFT_VERSION = 3.0;
				TEST_HOST = "$(BUILT_PRODUCTS_DIR)/PasswordManager.app/PasswordManager";
			};
			name = Release;
		};
/* End XCBuildConfiguration section */

/* Begin XCConfigurationList section */
		6ABD3D3F1B76112E00F6E42E /* Build configuration list for PBXProject "PasswordManager" */ = {
			isa = XCConfigurationList;
			buildConfigurations = (
				6ABD3D611B76112F00F6E42E /* Debug */,
				6ABD3D621B76112F00F6E42E /* Release */,
			);
			defaultConfigurationIsVisible = 0;
			defaultConfigurationName = Release;
		};
		6ABD3D631B76112F00F6E42E /* Build configuration list for PBXNativeTarget "PasswordManager" */ = {
			isa = XCConfigurationList;
			buildConfigurations = (
				6ABD3D641B76112F00F6E42E /* Debug */,
				6ABD3D651B76112F00F6E42E /* Release */,
			);
			defaultConfigurationIsVisible = 0;
			defaultConfigurationName = Release;
		};
		6ABD3D661B76112F00F6E42E /* Build configuration list for PBXNativeTarget "PasswordManagerTests" */ = {
			isa = XCConfigurationList;
			buildConfigurations = (
				6ABD3D671B76112F00F6E42E /* Debug */,
				6ABD3D681B76112F00F6E42E /* Release */,
			);
			defaultConfigurationIsVisible = 0;
			defaultConfigurationName = Release;
		};
/* End XCConfigurationList section */
	};
	rootObject = 6ABD3D3C1B76112E00F6E42E /* Project object */;
}
